{
  "object": {
    "pins": [
      {
        "package": "Alamofire",
        "repositoryURL": "https://github.com/Alamofire/Alamofire.git",
        "state": {
          "branch": null,
          "revision": "f96b619bcb2383b43d898402283924b80e2c4bae",
          "version": "5.4.3"
        }
      },
      {
        "package": "AlertToast",
        "repositoryURL": "https://github.com/elai950/AlertToast",
        "state": {
          "branch": null,
          "revision": "01c822ac8e425c48b39b39840c03415421ad3df5",
          "version": "1.3.0"
        }
      },
      {
        "package": "CarBode",
        "repositoryURL": "https://github.com/heart/CarBode-Barcode-Scanner-For-SwiftUI",
        "state": {
          "branch": null,
          "revision": "b4e39ab4d65e2795fb0f0a48940ac8bfd799c5f5",
          "version": "2.2.2"
        }
      }
    ]
  },
  "version": 1
}
