// !$*UTF8*$!
{
	archiveVersion = 1;
	classes = {
	};
	objectVersion = 52;
	objects = {

/* Begin PBXBuildFile section */
		2995B315268E2DF400AB1A4F /* MuviApp.swift in Sources */ = {isa = PBXBuildFile; fileRef = 2995B314268E2DF400AB1A4F /* MuviApp.swift */; };
		2995B317268E2DF400AB1A4F /* Home.swift in Sources */ = {isa = PBXBuildFile; fileRef = 2995B316268E2DF400AB1A4F /* Home.swift */; };
		2995B319268E2DF600AB1A4F /* Assets.xcassets in Resources */ = {isa = PBXBuildFile; fileRef = 2995B318268E2DF600AB1A4F /* Assets.xcassets */; };
		2995B31C268E2DF600AB1A4F /* Preview Assets.xcassets in Resources */ = {isa = PBXBuildFile; fileRef = 2995B31B268E2DF600AB1A4F /* Preview Assets.xcassets */; };
		2995B328268E54AC00AB1A4F /* Utilities.swift in Sources */ = {isa = PBXBuildFile; fileRef = 2995B327268E54AC00AB1A4F /* Utilities.swift */; };
		29EAA65A26931B3E0013BDC3 /* Film.swift in Sources */ = {isa = PBXBuildFile; fileRef = 29EAA65926931B3E0013BDC3 /* Film.swift */; };
		29EAA65D26931B6C0013BDC3 /* FilmCard.swift in Sources */ = {isa = PBXBuildFile; fileRef = 29EAA65C26931B6C0013BDC3 /* FilmCard.swift */; };
		29EAA665269322CD0013BDC3 /* ActorCard.swift in Sources */ = {isa = PBXBuildFile; fileRef = 29EAA664269322CD0013BDC3 /* ActorCard.swift */; };
		29EAA668269323910013BDC3 /* Discover.swift in Sources */ = {isa = PBXBuildFile; fileRef = 29EAA667269323910013BDC3 /* Discover.swift */; };
		DB053C8126A5ACA6006EF125 /* Ticket.swift in Sources */ = {isa = PBXBuildFile; fileRef = DB053C8026A5ACA6006EF125 /* Ticket.swift */; };
		DB0F747A26A0EE9D000EFD72 /* BottomSheet.swift in Sources */ = {isa = PBXBuildFile; fileRef = DB0F747926A0EE9D000EFD72 /* BottomSheet.swift */; };
		DB44F50A269C5EE300F17935 /* Actor.swift in Sources */ = {isa = PBXBuildFile; fileRef = DB44F509269C5EE300F17935 /* Actor.swift */; };
		DB44F50C269C6B9D00F17935 /* Genre.swift in Sources */ = {isa = PBXBuildFile; fileRef = DB44F50B269C6B9D00F17935 /* Genre.swift */; };
		DB44F50E269C71DD00F17935 /* StarsRating.swift in Sources */ = {isa = PBXBuildFile; fileRef = DB44F50D269C71DD00F17935 /* StarsRating.swift */; };
		DB53FA9F26A5DAA90094E127 /* CarBode in Frameworks */ = {isa = PBXBuildFile; productRef = DB53FA9E26A5DAA90094E127 /* CarBode */; };
		DB53FAA526A9A73E0094E127 /* AlertToast in Frameworks */ = {isa = PBXBuildFile; productRef = DB53FAA426A9A73E0094E127 /* AlertToast */; };
		DB53FAA726A9AA000094E127 /* DateTimeView.swift in Sources */ = {isa = PBXBuildFile; fileRef = DB53FAA626A9AA000094E127 /* DateTimeView.swift */; };
		DB56B8E1269B896800AFC21D /* Blurview.swift in Sources */ = {isa = PBXBuildFile; fileRef = DB56B8E0269B896800AFC21D /* Blurview.swift */; };
		DB56B8E3269BB57A00AFC21D /* API.swift in Sources */ = {isa = PBXBuildFile; fileRef = DB56B8E2269BB57A00AFC21D /* API.swift */; };
		DB56B8E5269BB5B200AFC21D /* MovieService.swift in Sources */ = {isa = PBXBuildFile; fileRef = DB56B8E4269BB5B200AFC21D /* MovieService.swift */; };
		DB56B8E7269BB5CD00AFC21D /* Cast.swift in Sources */ = {isa = PBXBuildFile; fileRef = DB56B8E6269BB5CD00AFC21D /* Cast.swift */; };
		DB56B8E9269BB5DF00AFC21D /* Review.swift in Sources */ = {isa = PBXBuildFile; fileRef = DB56B8E8269BB5DF00AFC21D /* Review.swift */; };
		DB56B8EB269BB60C00AFC21D /* ReviewService.swift in Sources */ = {isa = PBXBuildFile; fileRef = DB56B8EA269BB60C00AFC21D /* ReviewService.swift */; };
		DB56B8ED269BB65C00AFC21D /* MovieURL.swift in Sources */ = {isa = PBXBuildFile; fileRef = DB56B8EC269BB65C00AFC21D /* MovieURL.swift */; };
		DB56B8EF269BB66C00AFC21D /* NetworkService.swift in Sources */ = {isa = PBXBuildFile; fileRef = DB56B8EE269BB66C00AFC21D /* NetworkService.swift */; };
		DB56B8F2269BB73F00AFC21D /* Alamofire in Frameworks */ = {isa = PBXBuildFile; productRef = DB56B8F1269BB73F00AFC21D /* Alamofire */; };
		DB56B8F5269BB78200AFC21D /* AsyncImage.swift in Sources */ = {isa = PBXBuildFile; fileRef = DB56B8F4269BB78200AFC21D /* AsyncImage.swift */; };
		DB56B8F7269BB7BB00AFC21D /* EnvironmentValues.swift in Sources */ = {isa = PBXBuildFile; fileRef = DB56B8F6269BB7BB00AFC21D /* EnvironmentValues.swift */; };
		DB56B8F9269BB7CC00AFC21D /* ImageCache.swift in Sources */ = {isa = PBXBuildFile; fileRef = DB56B8F8269BB7CC00AFC21D /* ImageCache.swift */; };
		DB56B8FB269BB7D600AFC21D /* ImageLoader.swift in Sources */ = {isa = PBXBuildFile; fileRef = DB56B8FA269BB7D600AFC21D /* ImageLoader.swift */; };
		DBA2F45F26A1FB5700D3C771 /* TheatreView.swift in Sources */ = {isa = PBXBuildFile; fileRef = DBA2F45E26A1FB5700D3C771 /* TheatreView.swift */; };
		DBA2F46126A1FB8000D3C771 /* Seat.swift in Sources */ = {isa = PBXBuildFile; fileRef = DBA2F46026A1FB8000D3C771 /* Seat.swift */; };
		DBA2F46326A1FBA900D3C771 /* ScreenShape.swift in Sources */ = {isa = PBXBuildFile; fileRef = DBA2F46226A1FBA900D3C771 /* ScreenShape.swift */; };
		DBA2F46526A1FBF700D3C771 /* ChairView.swift in Sources */ = {isa = PBXBuildFile; fileRef = DBA2F46426A1FBF700D3C771 /* ChairView.swift */; };
		DBA2F46726A1FCF100D3C771 /* ChairLegend.swift in Sources */ = {isa = PBXBuildFile; fileRef = DBA2F46626A1FCF100D3C771 /* ChairLegend.swift */; };
		DBA2F46C26A1FDAB00D3C771 /* TicketDate.swift in Sources */ = {isa = PBXBuildFile; fileRef = DBA2F46B26A1FDAB00D3C771 /* TicketDate.swift */; };
		DBA2F47026A2003F00D3C771 /* DateExt.swift in Sources */ = {isa = PBXBuildFile; fileRef = DBA2F46F26A2003F00D3C771 /* DateExt.swift */; };
		DBA2F47426A202D500D3C771 /* DateView.swift in Sources */ = {isa = PBXBuildFile; fileRef = DBA2F47326A202D500D3C771 /* DateView.swift */; };
		DBA2F47626A202F400D3C771 /* DateShape.swift in Sources */ = {isa = PBXBuildFile; fileRef = DBA2F47526A202F400D3C771 /* DateShape.swift */; };
		DBA2F47826A2035D00D3C771 /* TimeView.swift in Sources */ = {isa = PBXBuildFile; fileRef = DBA2F47726A2035D00D3C771 /* TimeView.swift */; };
		DBA2F47E26A2040500D3C771 /* LCButton.swift in Sources */ = {isa = PBXBuildFile; fileRef = DBA2F47D26A2040500D3C771 /* LCButton.swift */; };
		DBA2F48626A2060600D3C771 /* SeatsChoiceView.swift in Sources */ = {isa = PBXBuildFile; fileRef = DBA2F48526A2060600D3C771 /* SeatsChoiceView.swift */; };
		DBB4C47C26A089F400550769 /* FilmDetail.swift in Sources */ = {isa = PBXBuildFile; fileRef = DBB4C47B26A089F400550769 /* FilmDetail.swift */; };
		DBF55D1A269BC19100880C96 /* NavBar.swift in Sources */ = {isa = PBXBuildFile; fileRef = DBF55D19269BC19100880C96 /* NavBar.swift */; };
/* End PBXBuildFile section */

/* Begin PBXFileReference section */
		2995B311268E2DF400AB1A4F /* Muvi.app */ = {isa = PBXFileReference; explicitFileType = wrapper.application; includeInIndex = 0; path = Muvi.app; sourceTree = BUILT_PRODUCTS_DIR; };
		2995B314268E2DF400AB1A4F /* MuviApp.swift */ = {isa = PBXFileReference; lastKnownFileType = sourcecode.swift; path = MuviApp.swift; sourceTree = "<group>"; };
		2995B316268E2DF400AB1A4F /* Home.swift */ = {isa = PBXFileReference; lastKnownFileType = sourcecode.swift; path = Home.swift; sourceTree = "<group>"; };
		2995B318268E2DF600AB1A4F /* Assets.xcassets */ = {isa = PBXFileReference; lastKnownFileType = folder.assetcatalog; path = Assets.xcassets; sourceTree = "<group>"; };
		2995B31B268E2DF600AB1A4F /* Preview Assets.xcassets */ = {isa = PBXFileReference; lastKnownFileType = folder.assetcatalog; path = "Preview Assets.xcassets"; sourceTree = "<group>"; };
		2995B31D268E2DF600AB1A4F /* Info.plist */ = {isa = PBXFileReference; lastKnownFileType = text.plist.xml; path = Info.plist; sourceTree = "<group>"; };
		2995B327268E54AC00AB1A4F /* Utilities.swift */ = {isa = PBXFileReference; fileEncoding = 4; lastKnownFileType = sourcecode.swift; path = Utilities.swift; sourceTree = "<group>"; };
		29EAA65926931B3E0013BDC3 /* Film.swift */ = {isa = PBXFileReference; lastKnownFileType = sourcecode.swift; path = Film.swift; sourceTree = "<group>"; };
		29EAA65C26931B6C0013BDC3 /* FilmCard.swift */ = {isa = PBXFileReference; lastKnownFileType = sourcecode.swift; path = FilmCard.swift; sourceTree = "<group>"; };
		29EAA664269322CD0013BDC3 /* ActorCard.swift */ = {isa = PBXFileReference; lastKnownFileType = sourcecode.swift; path = ActorCard.swift; sourceTree = "<group>"; };
		29EAA667269323910013BDC3 /* Discover.swift */ = {isa = PBXFileReference; lastKnownFileType = sourcecode.swift; path = Discover.swift; sourceTree = "<group>"; };
		DB053C8026A5ACA6006EF125 /* Ticket.swift */ = {isa = PBXFileReference; lastKnownFileType = sourcecode.swift; path = Ticket.swift; sourceTree = "<group>"; };
		DB0F747926A0EE9D000EFD72 /* BottomSheet.swift */ = {isa = PBXFileReference; lastKnownFileType = sourcecode.swift; path = BottomSheet.swift; sourceTree = "<group>"; };
		DB44F509269C5EE300F17935 /* Actor.swift */ = {isa = PBXFileReference; lastKnownFileType = sourcecode.swift; path = Actor.swift; sourceTree = "<group>"; };
		DB44F50B269C6B9D00F17935 /* Genre.swift */ = {isa = PBXFileReference; lastKnownFileType = sourcecode.swift; path = Genre.swift; sourceTree = "<group>"; };
		DB44F50D269C71DD00F17935 /* StarsRating.swift */ = {isa = PBXFileReference; lastKnownFileType = sourcecode.swift; path = StarsRating.swift; sourceTree = "<group>"; };
		DB53FAA626A9AA000094E127 /* DateTimeView.swift */ = {isa = PBXFileReference; lastKnownFileType = sourcecode.swift; path = DateTimeView.swift; sourceTree = "<group>"; };
		DB56B8E0269B896800AFC21D /* Blurview.swift */ = {isa = PBXFileReference; lastKnownFileType = sourcecode.swift; path = Blurview.swift; sourceTree = "<group>"; };
		DB56B8E2269BB57A00AFC21D /* API.swift */ = {isa = PBXFileReference; lastKnownFileType = sourcecode.swift; path = API.swift; sourceTree = "<group>"; };
		DB56B8E4269BB5B200AFC21D /* MovieService.swift */ = {isa = PBXFileReference; lastKnownFileType = sourcecode.swift; path = MovieService.swift; sourceTree = "<group>"; };
		DB56B8E6269BB5CD00AFC21D /* Cast.swift */ = {isa = PBXFileReference; lastKnownFileType = sourcecode.swift; path = Cast.swift; sourceTree = "<group>"; };
		DB56B8E8269BB5DF00AFC21D /* Review.swift */ = {isa = PBXFileReference; lastKnownFileType = sourcecode.swift; path = Review.swift; sourceTree = "<group>"; };
		DB56B8EA269BB60C00AFC21D /* ReviewService.swift */ = {isa = PBXFileReference; lastKnownFileType = sourcecode.swift; path = ReviewService.swift; sourceTree = "<group>"; };
		DB56B8EC269BB65C00AFC21D /* MovieURL.swift */ = {isa = PBXFileReference; lastKnownFileType = sourcecode.swift; path = MovieURL.swift; sourceTree = "<group>"; };
		DB56B8EE269BB66C00AFC21D /* NetworkService.swift */ = {isa = PBXFileReference; lastKnownFileType = sourcecode.swift; path = NetworkService.swift; sourceTree = "<group>"; };
		DB56B8F4269BB78200AFC21D /* AsyncImage.swift */ = {isa = PBXFileReference; lastKnownFileType = sourcecode.swift; path = AsyncImage.swift; sourceTree = "<group>"; };
		DB56B8F6269BB7BB00AFC21D /* EnvironmentValues.swift */ = {isa = PBXFileReference; lastKnownFileType = sourcecode.swift; path = EnvironmentValues.swift; sourceTree = "<group>"; };
		DB56B8F8269BB7CC00AFC21D /* ImageCache.swift */ = {isa = PBXFileReference; lastKnownFileType = sourcecode.swift; path = ImageCache.swift; sourceTree = "<group>"; };
		DB56B8FA269BB7D600AFC21D /* ImageLoader.swift */ = {isa = PBXFileReference; lastKnownFileType = sourcecode.swift; path = ImageLoader.swift; sourceTree = "<group>"; };
		DBA2F45E26A1FB5700D3C771 /* TheatreView.swift */ = {isa = PBXFileReference; lastKnownFileType = sourcecode.swift; path = TheatreView.swift; sourceTree = "<group>"; };
		DBA2F46026A1FB8000D3C771 /* Seat.swift */ = {isa = PBXFileReference; lastKnownFileType = sourcecode.swift; path = Seat.swift; sourceTree = "<group>"; };
		DBA2F46226A1FBA900D3C771 /* ScreenShape.swift */ = {isa = PBXFileReference; lastKnownFileType = sourcecode.swift; path = ScreenShape.swift; sourceTree = "<group>"; };
		DBA2F46426A1FBF700D3C771 /* ChairView.swift */ = {isa = PBXFileReference; lastKnownFileType = sourcecode.swift; path = ChairView.swift; sourceTree = "<group>"; };
		DBA2F46626A1FCF100D3C771 /* ChairLegend.swift */ = {isa = PBXFileReference; lastKnownFileType = sourcecode.swift; path = ChairLegend.swift; sourceTree = "<group>"; };
		DBA2F46B26A1FDAB00D3C771 /* TicketDate.swift */ = {isa = PBXFileReference; lastKnownFileType = sourcecode.swift; path = TicketDate.swift; sourceTree = "<group>"; };
		DBA2F46F26A2003F00D3C771 /* DateExt.swift */ = {isa = PBXFileReference; lastKnownFileType = sourcecode.swift; path = DateExt.swift; sourceTree = "<group>"; };
		DBA2F47326A202D500D3C771 /* DateView.swift */ = {isa = PBXFileReference; fileEncoding = 4; lastKnownFileType = sourcecode.swift; path = DateView.swift; sourceTree = "<group>"; };
		DBA2F47526A202F400D3C771 /* DateShape.swift */ = {isa = PBXFileReference; fileEncoding = 4; lastKnownFileType = sourcecode.swift; path = DateShape.swift; sourceTree = "<group>"; };
		DBA2F47726A2035D00D3C771 /* TimeView.swift */ = {isa = PBXFileReference; fileEncoding = 4; lastKnownFileType = sourcecode.swift; path = TimeView.swift; sourceTree = "<group>"; };
		DBA2F47D26A2040500D3C771 /* LCButton.swift */ = {isa = PBXFileReference; fileEncoding = 4; lastKnownFileType = sourcecode.swift; path = LCButton.swift; sourceTree = "<group>"; };
		DBA2F48526A2060600D3C771 /* SeatsChoiceView.swift */ = {isa = PBXFileReference; fileEncoding = 4; lastKnownFileType = sourcecode.swift; path = SeatsChoiceView.swift; sourceTree = "<group>"; };
		DBB4C47B26A089F400550769 /* FilmDetail.swift */ = {isa = PBXFileReference; lastKnownFileType = sourcecode.swift; path = FilmDetail.swift; sourceTree = "<group>"; };
		DBF55D19269BC19100880C96 /* NavBar.swift */ = {isa = PBXFileReference; lastKnownFileType = sourcecode.swift; path = NavBar.swift; sourceTree = "<group>"; };
/* End PBXFileReference section */

/* Begin PBXFrameworksBuildPhase section */
		2995B30E268E2DF400AB1A4F /* Frameworks */ = {
			isa = PBXFrameworksBuildPhase;
			buildActionMask = 2147483647;
			files = (
				DB53FAA526A9A73E0094E127 /* AlertToast in Frameworks */,
				DB56B8F2269BB73F00AFC21D /* Alamofire in Frameworks */,
				DB53FA9F26A5DAA90094E127 /* CarBode in Frameworks */,
			);
			runOnlyForDeploymentPostprocessing = 0;
		};
/* End PBXFrameworksBuildPhase section */

/* Begin PBXGroup section */
		292217052693A0070049F764 /* API */ = {
			isa = PBXGroup;
			children = (
				DB56B8E2269BB57A00AFC21D /* API.swift */,
				DB56B8E4269BB5B200AFC21D /* MovieService.swift */,
				DB56B8EA269BB60C00AFC21D /* ReviewService.swift */,
				DB56B8EC269BB65C00AFC21D /* MovieURL.swift */,
				DB56B8EE269BB66C00AFC21D /* NetworkService.swift */,
			);
			path = API;
			sourceTree = "<group>";
		};
		2995B308268E2DF400AB1A4F = {
			isa = PBXGroup;
			children = (
				2995B313268E2DF400AB1A4F /* Muvi */,
				2995B312268E2DF400AB1A4F /* Products */,
			);
			sourceTree = "<group>";
		};
		2995B312268E2DF400AB1A4F /* Products */ = {
			isa = PBXGroup;
			children = (
				2995B311268E2DF400AB1A4F /* Muvi.app */,
			);
			name = Products;
			sourceTree = "<group>";
		};
		2995B313268E2DF400AB1A4F /* Muvi */ = {
			isa = PBXGroup;
			children = (
				DB56B8F3269BB77800AFC21D /* AsyncImage */,
				292217052693A0070049F764 /* API */,
				29EAA6662693236E0013BDC3 /* Screens */,
				29EAA65B26931B5C0013BDC3 /* Components */,
				29EAA65826931B270013BDC3 /* Models */,
				2995B314268E2DF400AB1A4F /* MuviApp.swift */,
				2995B327268E54AC00AB1A4F /* Utilities.swift */,
				2995B318268E2DF600AB1A4F /* Assets.xcassets */,
				2995B31D268E2DF600AB1A4F /* Info.plist */,
				2995B31A268E2DF600AB1A4F /* Preview Content */,
			);
			path = Muvi;
			sourceTree = "<group>";
		};
		2995B31A268E2DF600AB1A4F /* Preview Content */ = {
			isa = PBXGroup;
			children = (
				2995B31B268E2DF600AB1A4F /* Preview Assets.xcassets */,
			);
			path = "Preview Content";
			sourceTree = "<group>";
		};
		29EAA65826931B270013BDC3 /* Models */ = {
			isa = PBXGroup;
			children = (
				DBA2F46B26A1FDAB00D3C771 /* TicketDate.swift */,
				DBA2F46026A1FB8000D3C771 /* Seat.swift */,
				29EAA65926931B3E0013BDC3 /* Film.swift */,
				DB56B8E6269BB5CD00AFC21D /* Cast.swift */,
				DB56B8E8269BB5DF00AFC21D /* Review.swift */,
				DB44F509269C5EE300F17935 /* Actor.swift */,
				DB44F50B269C6B9D00F17935 /* Genre.swift */,
			);
			path = Models;
			sourceTree = "<group>";
		};
		29EAA65B26931B5C0013BDC3 /* Components */ = {
			isa = PBXGroup;
			children = (
				DBA2F45D26A1FB4E00D3C771 /* SeatSelection */,
				DB56B8E0269B896800AFC21D /* Blurview.swift */,
				DBA2F47D26A2040500D3C771 /* LCButton.swift */,
				29EAA65C26931B6C0013BDC3 /* FilmCard.swift */,
				29EAA664269322CD0013BDC3 /* ActorCard.swift */,
				DBF55D19269BC19100880C96 /* NavBar.swift */,
				DB44F50D269C71DD00F17935 /* StarsRating.swift */,
				DB0F747926A0EE9D000EFD72 /* BottomSheet.swift */,
			);
			path = Components;
			sourceTree = "<group>";
		};
		29EAA6662693236E0013BDC3 /* Screens */ = {
			isa = PBXGroup;
			children = (
				DBA2F48526A2060600D3C771 /* SeatsChoiceView.swift */,
				2995B316268E2DF400AB1A4F /* Home.swift */,
				29EAA667269323910013BDC3 /* Discover.swift */,
				DBB4C47B26A089F400550769 /* FilmDetail.swift */,
				DB053C8026A5ACA6006EF125 /* Ticket.swift */,
			);
			path = Screens;
			sourceTree = "<group>";
		};
		DB56B8F3269BB77800AFC21D /* AsyncImage */ = {
			isa = PBXGroup;
			children = (
				DB56B8F4269BB78200AFC21D /* AsyncImage.swift */,
				DB56B8F6269BB7BB00AFC21D /* EnvironmentValues.swift */,
				DB56B8F8269BB7CC00AFC21D /* ImageCache.swift */,
				DB56B8FA269BB7D600AFC21D /* ImageLoader.swift */,
			);
			path = AsyncImage;
			sourceTree = "<group>";
		};
		DBA2F45D26A1FB4E00D3C771 /* SeatSelection */ = {
			isa = PBXGroup;
			children = (
				DBA2F47326A202D500D3C771 /* DateView.swift */,
				DBA2F47526A202F400D3C771 /* DateShape.swift */,
				DBA2F45E26A1FB5700D3C771 /* TheatreView.swift */,
				DBA2F47726A2035D00D3C771 /* TimeView.swift */,
				DBA2F46226A1FBA900D3C771 /* ScreenShape.swift */,
				DBA2F46426A1FBF700D3C771 /* ChairView.swift */,
				DBA2F46626A1FCF100D3C771 /* ChairLegend.swift */,
				DBA2F46F26A2003F00D3C771 /* DateExt.swift */,
				DB53FAA626A9AA000094E127 /* DateTimeView.swift */,
			);
			path = SeatSelection;
			sourceTree = "<group>";
		};
/* End PBXGroup section */

/* Begin PBXNativeTarget section */
		2995B310268E2DF400AB1A4F /* Muvi */ = {
			isa = PBXNativeTarget;
			buildConfigurationList = 2995B320268E2DF600AB1A4F /* Build configuration list for PBXNativeTarget "Muvi" */;
			buildPhases = (
				2995B30D268E2DF400AB1A4F /* Sources */,
				2995B30E268E2DF400AB1A4F /* Frameworks */,
				2995B30F268E2DF400AB1A4F /* Resources */,
			);
			buildRules = (
			);
			dependencies = (
			);
			name = Muvi;
			packageProductDependencies = (
				DB56B8F1269BB73F00AFC21D /* Alamofire */,
				DB53FA9E26A5DAA90094E127 /* CarBode */,
				DB53FAA426A9A73E0094E127 /* AlertToast */,
			);
			productName = Muvi;
			productReference = 2995B311268E2DF400AB1A4F /* Muvi.app */;
			productType = "com.apple.product-type.application";
		};
/* End PBXNativeTarget section */

/* Begin PBXProject section */
		2995B309268E2DF400AB1A4F /* Project object */ = {
			isa = PBXProject;
			attributes = {
				LastSwiftUpdateCheck = 1250;
				LastUpgradeCheck = 1250;
				TargetAttributes = {
					2995B310268E2DF400AB1A4F = {
						CreatedOnToolsVersion = 12.5.1;
					};
				};
			};
			buildConfigurationList = 2995B30C268E2DF400AB1A4F /* Build configuration list for PBXProject "Muvi" */;
			compatibilityVersion = "Xcode 9.3";
			developmentRegion = en;
			hasScannedForEncodings = 0;
			knownRegions = (
				en,
				Base,
			);
			mainGroup = 2995B308268E2DF400AB1A4F;
			packageReferences = (
				DB56B8F0269BB73F00AFC21D /* XCRemoteSwiftPackageReference "Alamofire" */,
				DB53FA9D26A5DAA90094E127 /* XCRemoteSwiftPackageReference "CarBode-Barcode-Scanner-For-SwiftUI" */,
				DB53FAA326A9A73E0094E127 /* XCRemoteSwiftPackageReference "AlertToast" */,
			);
			productRefGroup = 2995B312268E2DF400AB1A4F /* Products */;
			projectDirPath = "";
			projectRoot = "";
			targets = (
				2995B310268E2DF400AB1A4F /* Muvi */,
			);
		};
/* End PBXProject section */

/* Begin PBXResourcesBuildPhase section */
		2995B30F268E2DF400AB1A4F /* Resources */ = {
			isa = PBXResourcesBuildPhase;
			buildActionMask = 2147483647;
			files = (
				2995B31C268E2DF600AB1A4F /* Preview Assets.xcassets in Resources */,
				2995B319268E2DF600AB1A4F /* Assets.xcassets in Resources */,
			);
			runOnlyForDeploymentPostprocessing = 0;
		};
/* End PBXResourcesBuildPhase section */

/* Begin PBXSourcesBuildPhase section */
		2995B30D268E2DF400AB1A4F /* Sources */ = {
			isa = PBXSourcesBuildPhase;
			buildActionMask = 2147483647;
			files = (
				2995B317268E2DF400AB1A4F /* Home.swift in Sources */,
				DBA2F46726A1FCF100D3C771 /* ChairLegend.swift in Sources */,
				DB56B8EB269BB60C00AFC21D /* ReviewService.swift in Sources */,
				DBA2F47026A2003F00D3C771 /* DateExt.swift in Sources */,
				DB0F747A26A0EE9D000EFD72 /* BottomSheet.swift in Sources */,
				DBA2F46C26A1FDAB00D3C771 /* TicketDate.swift in Sources */,
				DBA2F45F26A1FB5700D3C771 /* TheatreView.swift in Sources */,
				29EAA665269322CD0013BDC3 /* ActorCard.swift in Sources */,
				DB56B8E7269BB5CD00AFC21D /* Cast.swift in Sources */,
				DBA2F47E26A2040500D3C771 /* LCButton.swift in Sources */,
				DB56B8EF269BB66C00AFC21D /* NetworkService.swift in Sources */,
				DB53FAA726A9AA000094E127 /* DateTimeView.swift in Sources */,
				DB56B8E3269BB57A00AFC21D /* API.swift in Sources */,
				DB053C8126A5ACA6006EF125 /* Ticket.swift in Sources */,
				DBA2F46126A1FB8000D3C771 /* Seat.swift in Sources */,
				DB56B8ED269BB65C00AFC21D /* MovieURL.swift in Sources */,
				DB56B8E5269BB5B200AFC21D /* MovieService.swift in Sources */,
				DB44F50E269C71DD00F17935 /* StarsRating.swift in Sources */,
				DBA2F46526A1FBF700D3C771 /* ChairView.swift in Sources */,
				DB56B8E9269BB5DF00AFC21D /* Review.swift in Sources */,
				DB56B8F5269BB78200AFC21D /* AsyncImage.swift in Sources */,
				DBA2F47626A202F400D3C771 /* DateShape.swift in Sources */,
				DBF55D1A269BC19100880C96 /* NavBar.swift in Sources */,
				DBA2F46326A1FBA900D3C771 /* ScreenShape.swift in Sources */,
				DB56B8F9269BB7CC00AFC21D /* ImageCache.swift in Sources */,
				29EAA668269323910013BDC3 /* Discover.swift in Sources */,
				DB44F50A269C5EE300F17935 /* Actor.swift in Sources */,
				DBA2F47826A2035D00D3C771 /* TimeView.swift in Sources */,
				29EAA65A26931B3E0013BDC3 /* Film.swift in Sources */,
				DBA2F48626A2060600D3C771 /* SeatsChoiceView.swift in Sources */,
				2995B328268E54AC00AB1A4F /* Utilities.swift in Sources */,
				DB56B8FB269BB7D600AFC21D /* ImageLoader.swift in Sources */,
				DB44F50C269C6B9D00F17935 /* Genre.swift in Sources */,
				DB56B8F7269BB7BB00AFC21D /* EnvironmentValues.swift in Sources */,
				2995B315268E2DF400AB1A4F /* MuviApp.swift in Sources */,
				DB56B8E1269B896800AFC21D /* Blurview.swift in Sources */,
				29EAA65D26931B6C0013BDC3 /* FilmCard.swift in Sources */,
				DBA2F47426A202D500D3C771 /* DateView.swift in Sources */,
				DBB4C47C26A089F400550769 /* FilmDetail.swift in Sources */,
			);
			runOnlyForDeploymentPostprocessing = 0;
		};
/* End PBXSourcesBuildPhase section */

/* Begin XCBuildConfiguration section */
		2995B31E268E2DF600AB1A4F /* Debug */ = {
			isa = XCBuildConfiguration;
			buildSettings = {
				ALWAYS_SEARCH_USER_PATHS = NO;
				CLANG_ANALYZER_NONNULL = YES;
				CLANG_ANALYZER_NUMBER_OBJECT_CONVERSION = YES_AGGRESSIVE;
				CLANG_CXX_LANGUAGE_STANDARD = "gnu++14";
				CLANG_CXX_LIBRARY = "libc++";
				CLANG_ENABLE_MODULES = YES;
				CLANG_ENABLE_OBJC_ARC = YES;
				CLANG_ENABLE_OBJC_WEAK = YES;
				CLANG_WARN_BLOCK_CAPTURE_AUTORELEASING = YES;
				CLANG_WARN_BOOL_CONVERSION = YES;
				CLANG_WARN_COMMA = YES;
				CLANG_WARN_CONSTANT_CONVERSION = YES;
				CLANG_WARN_DEPRECATED_OBJC_IMPLEMENTATIONS = YES;
				CLANG_WARN_DIRECT_OBJC_ISA_USAGE = YES_ERROR;
				CLANG_WARN_DOCUMENTATION_COMMENTS = YES;
				CLANG_WARN_EMPTY_BODY = YES;
				CLANG_WARN_ENUM_CONVERSION = YES;
				CLANG_WARN_INFINITE_RECURSION = YES;
				CLANG_WARN_INT_CONVERSION = YES;
				CLANG_WARN_NON_LITERAL_NULL_CONVERSION = YES;
				CLANG_WARN_OBJC_IMPLICIT_RETAIN_SELF = YES;
				CLANG_WARN_OBJC_LITERAL_CONVERSION = YES;
				CLANG_WARN_OBJC_ROOT_CLASS = YES_ERROR;
				CLANG_WARN_QUOTED_INCLUDE_IN_FRAMEWORK_HEADER = YES;
				CLANG_WARN_RANGE_LOOP_ANALYSIS = YES;
				CLANG_WARN_STRICT_PROTOTYPES = YES;
				CLANG_WARN_SUSPICIOUS_MOVE = YES;
				CLANG_WARN_UNGUARDED_AVAILABILITY = YES_AGGRESSIVE;
				CLANG_WARN_UNREACHABLE_CODE = YES;
				CLANG_WARN__DUPLICATE_METHOD_MATCH = YES;
				COPY_PHASE_STRIP = NO;
				DEBUG_INFORMATION_FORMAT = dwarf;
				ENABLE_STRICT_OBJC_MSGSEND = YES;
				ENABLE_TESTABILITY = YES;
				GCC_C_LANGUAGE_STANDARD = gnu11;
				GCC_DYNAMIC_NO_PIC = NO;
				GCC_NO_COMMON_BLOCKS = YES;
				GCC_OPTIMIZATION_LEVEL = 0;
				GCC_PREPROCESSOR_DEFINITIONS = (
					"DEBUG=1",
					"$(inherited)",
				);
				GCC_WARN_64_TO_32_BIT_CONVERSION = YES;
				GCC_WARN_ABOUT_RETURN_TYPE = YES_ERROR;
				GCC_WARN_UNDECLARED_SELECTOR = YES;
				GCC_WARN_UNINITIALIZED_AUTOS = YES_AGGRESSIVE;
				GCC_WARN_UNUSED_FUNCTION = YES;
				GCC_WARN_UNUSED_VARIABLE = YES;
				IPHONEOS_DEPLOYMENT_TARGET = 14.5;
				MTL_ENABLE_DEBUG_INFO = INCLUDE_SOURCE;
				MTL_FAST_MATH = YES;
				ONLY_ACTIVE_ARCH = YES;
				SDKROOT = iphoneos;
				SWIFT_ACTIVE_COMPILATION_CONDITIONS = DEBUG;
				SWIFT_OPTIMIZATION_LEVEL = "-Onone";
			};
			name = Debug;
		};
		2995B31F268E2DF600AB1A4F /* Release */ = {
			isa = XCBuildConfiguration;
			buildSettings = {
				ALWAYS_SEARCH_USER_PATHS = NO;
				CLANG_ANALYZER_NONNULL = YES;
				CLANG_ANALYZER_NUMBER_OBJECT_CONVERSION = YES_AGGRESSIVE;
				CLANG_CXX_LANGUAGE_STANDARD = "gnu++14";
				CLANG_CXX_LIBRARY = "libc++";
				CLANG_ENABLE_MODULES = YES;
				CLANG_ENABLE_OBJC_ARC = YES;
				CLANG_ENABLE_OBJC_WEAK = YES;
				CLANG_WARN_BLOCK_CAPTURE_AUTORELEASING = YES;
				CLANG_WARN_BOOL_CONVERSION = YES;
				CLANG_WARN_COMMA = YES;
				CLANG_WARN_CONSTANT_CONVERSION = YES;
				CLANG_WARN_DEPRECATED_OBJC_IMPLEMENTATIONS = YES;
				CLANG_WARN_DIRECT_OBJC_ISA_USAGE = YES_ERROR;
				CLANG_WARN_DOCUMENTATION_COMMENTS = YES;
				CLANG_WARN_EMPTY_BODY = YES;
				CLANG_WARN_ENUM_CONVERSION = YES;
				CLANG_WARN_INFINITE_RECURSION = YES;
				CLANG_WARN_INT_CONVERSION = YES;
				CLANG_WARN_NON_LITERAL_NULL_CONVERSION = YES;
				CLANG_WARN_OBJC_IMPLICIT_RETAIN_SELF = YES;
				CLANG_WARN_OBJC_LITERAL_CONVERSION = YES;
				CLANG_WARN_OBJC_ROOT_CLASS = YES_ERROR;
				CLANG_WARN_QUOTED_INCLUDE_IN_FRAMEWORK_HEADER = YES;
				CLANG_WARN_RANGE_LOOP_ANALYSIS = YES;
				CLANG_WARN_STRICT_PROTOTYPES = YES;
				CLANG_WARN_SUSPICIOUS_MOVE = YES;
				CLANG_WARN_UNGUARDED_AVAILABILITY = YES_AGGRESSIVE;
				CLANG_WARN_UNREACHABLE_CODE = YES;
				CLANG_WARN__DUPLICATE_METHOD_MATCH = YES;
				COPY_PHASE_STRIP = NO;
				DEBUG_INFORMATION_FORMAT = "dwarf-with-dsym";
				ENABLE_NS_ASSERTIONS = NO;
				ENABLE_STRICT_OBJC_MSGSEND = YES;
				GCC_C_LANGUAGE_STANDARD = gnu11;
				GCC_NO_COMMON_BLOCKS = YES;
				GCC_WARN_64_TO_32_BIT_CONVERSION = YES;
				GCC_WARN_ABOUT_RETURN_TYPE = YES_ERROR;
				GCC_WARN_UNDECLARED_SELECTOR = YES;
				GCC_WARN_UNINITIALIZED_AUTOS = YES_AGGRESSIVE;
				GCC_WARN_UNUSED_FUNCTION = YES;
				GCC_WARN_UNUSED_VARIABLE = YES;
				IPHONEOS_DEPLOYMENT_TARGET = 14.5;
				MTL_ENABLE_DEBUG_INFO = NO;
				MTL_FAST_MATH = YES;
				SDKROOT = iphoneos;
				SWIFT_COMPILATION_MODE = wholemodule;
				SWIFT_OPTIMIZATION_LEVEL = "-O";
				VALIDATE_PRODUCT = YES;
			};
			name = Release;
		};
		2995B321268E2DF600AB1A4F /* Debug */ = {
			isa = XCBuildConfiguration;
			buildSettings = {
				ASSETCATALOG_COMPILER_APPICON_NAME = AppIcon;
				ASSETCATALOG_COMPILER_GLOBAL_ACCENT_COLOR_NAME = AccentColor;
				CODE_SIGN_STYLE = Automatic;
				DEVELOPMENT_ASSET_PATHS = "\"Muvi/Preview Content\"";
				DEVELOPMENT_TEAM = GRV5YSFBJP;
				ENABLE_PREVIEWS = YES;
				INFOPLIST_FILE = Muvi/Info.plist;
				IPHONEOS_DEPLOYMENT_TARGET = 14.0;
				LD_RUNPATH_SEARCH_PATHS = (
					"$(inherited)",
					"@executable_path/Frameworks",
				);
				PRODUCT_BUNDLE_IDENTIFIER = faridmirzayev.Muvi;
				PRODUCT_NAME = "$(TARGET_NAME)";
				SWIFT_VERSION = 5.0;
				TARGETED_DEVICE_FAMILY = "1,2";
			};
			name = Debug;
		};
		2995B322268E2DF600AB1A4F /* Release */ = {
			isa = XCBuildConfiguration;
			buildSettings = {
				ASSETCATALOG_COMPILER_APPICON_NAME = AppIcon;
				ASSETCATALOG_COMPILER_GLOBAL_ACCENT_COLOR_NAME = AccentColor;
				CODE_SIGN_STYLE = Automatic;
				DEVELOPMENT_ASSET_PATHS = "\"Muvi/Preview Content\"";
				DEVELOPMENT_TEAM = GRV5YSFBJP;
				ENABLE_PREVIEWS = YES;
				INFOPLIST_FILE = Muvi/Info.plist;
				IPHONEOS_DEPLOYMENT_TARGET = 14.0;
				LD_RUNPATH_SEARCH_PATHS = (
					"$(inherited)",
					"@executable_path/Frameworks",
				);
				PRODUCT_BUNDLE_IDENTIFIER = faridmirzayev.Muvi;
				PRODUCT_NAME = "$(TARGET_NAME)";
				SWIFT_VERSION = 5.0;
				TARGETED_DEVICE_FAMILY = "1,2";
			};
			name = Release;
		};
/* End XCBuildConfiguration section */

/* Begin XCConfigurationList section */
		2995B30C268E2DF400AB1A4F /* Build configuration list for PBXProject "Muvi" */ = {
			isa = XCConfigurationList;
			buildConfigurations = (
				2995B31E268E2DF600AB1A4F /* Debug */,
				2995B31F268E2DF600AB1A4F /* Release */,
			);
			defaultConfigurationIsVisible = 0;
			defaultConfigurationName = Release;
		};
		2995B320268E2DF600AB1A4F /* Build configuration list for PBXNativeTarget "Muvi" */ = {
			isa = XCConfigurationList;
			buildConfigurations = (
				2995B321268E2DF600AB1A4F /* Debug */,
				2995B322268E2DF600AB1A4F /* Release */,
			);
			defaultConfigurationIsVisible = 0;
			defaultConfigurationName = Release;
		};
/* End XCConfigurationList section */

/* Begin XCRemoteSwiftPackageReference section */
		DB53FA9D26A5DAA90094E127 /* XCRemoteSwiftPackageReference "CarBode-Barcode-Scanner-For-SwiftUI" */ = {
			isa = XCRemoteSwiftPackageReference;
			repositoryURL = "https://github.com/heart/CarBode-Barcode-Scanner-For-SwiftUI";
			requirement = {
				kind = upToNextMajorVersion;
				minimumVersion = 2.2.2;
			};
		};
		DB53FAA326A9A73E0094E127 /* XCRemoteSwiftPackageReference "AlertToast" */ = {
			isa = XCRemoteSwiftPackageReference;
			repositoryURL = "https://github.com/elai950/AlertToast";
			requirement = {
				kind = upToNextMajorVersion;
				minimumVersion = 1.3.0;
			};
		};
		DB56B8F0269BB73F00AFC21D /* XCRemoteSwiftPackageReference "Alamofire" */ = {
			isa = XCRemoteSwiftPackageReference;
			repositoryURL = "https://github.com/Alamofire/Alamofire.git";
			requirement = {
				kind = upToNextMajorVersion;
				minimumVersion = 5.4.3;
			};
		};
/* End XCRemoteSwiftPackageReference section */

/* Begin XCSwiftPackageProductDependency section */
		DB53FA9E26A5DAA90094E127 /* CarBode */ = {
			isa = XCSwiftPackageProductDependency;
			package = DB53FA9D26A5DAA90094E127 /* XCRemoteSwiftPackageReference "CarBode-Barcode-Scanner-For-SwiftUI" */;
			productName = CarBode;
		};
		DB53FAA426A9A73E0094E127 /* AlertToast */ = {
			isa = XCSwiftPackageProductDependency;
			package = DB53FAA326A9A73E0094E127 /* XCRemoteSwiftPackageReference "AlertToast" */;
			productName = AlertToast;
		};
		DB56B8F1269BB73F00AFC21D /* Alamofire */ = {
			isa = XCSwiftPackageProductDependency;
			package = DB56B8F0269BB73F00AFC21D /* XCRemoteSwiftPackageReference "Alamofire" */;
			productName = Alamofire;
		};
/* End XCSwiftPackageProductDependency section */
	};
	rootObject = 2995B309268E2DF400AB1A4F /* Project object */;
}
